
Microsoft Visual Studio Solution File, Format Version 12.00
# Visual Studio Version 17
VisualStudioVersion = 17.11.35222.181
MinimumVisualStudioVersion = 10.0.40219.1
Project("{9A19103F-16F7-4668-BE54-9A1E7A4F7556}") = "WEB_API", "WEB_API\WEB_API.csproj", "{D0F14904-BE0A-4849-BE81-3F34D21EFD0B}"
EndProject
Project("{2150E333-8FDC-42A3-9474-1A3956D46DE8}") = "API", "API", "{CB141E97-0B48-4805-AF54-D703567A28D4}"
EndProject
Project("{2150E333-8FDC-42A3-9474-1A3956D46DE8}") = "Swagger", "Swagger", "{0CA99F4E-1639-457B-A62D-AAA27940B56B}"
EndProject
Project("{2150E333-8FDC-42A3-9474-1A3956D46DE8}") = "Identity", "Identity", "{0C113893-B0B1-4F7B-83B7-848D62184409}"
EndProject
Project("{2150E333-8FDC-42A3-9474-1A3956D46DE8}") = "Modules", "Modules", "{97852330-1563-46FF-A026-6F66C6426873}"
EndProject
Project("{2150E333-8FDC-42A3-9474-1A3956D46DE8}") = "Tests", "Tests", "{4A374AA1-88FC-40E5-A4CE-517608EABDDE}"
EndProject
Project("{2150E333-8FDC-42A3-9474-1A3956D46DE8}") = "Shared", "Shared", "{79347088-72D4-43F2-A048-9E42E6A3E8D3}"
EndProject
Project("{9A19103F-16F7-4668-BE54-9A1E7A4F7556}") = "Shared.Core", "Shared.Core\Shared.Core.csproj", "{46DF402D-76D0-403D-BEF4-A95F46086F95}"
EndProject
Project("{9A19103F-16F7-4668-BE54-9A1E7A4F7556}") = "Shared.Infrastructure", "Shared.Infrastructure\Shared.Infrastructure.csproj", "{256B6EEF-11E9-4C7C-8CC7-D9F5B793858F}"
EndProject
Project("{9A19103F-16F7-4668-BE54-9A1E7A4F7556}") = "Shared.DTOs", "Shared.DTOs\Shared.DTOs.csproj", "{79F6DB1A-E10F-4704-9DDC-9761CEA1533F}"
EndProject
Project("{2150E333-8FDC-42A3-9474-1A3956D46DE8}") = "Tickets", "Tickets", "{3B7589B5-6A89-44A8-A277-0CC8C9EF8D28}"
EndProject
Project("{9A19103F-16F7-4668-BE54-9A1E7A4F7556}") = "Modules.Tickets.Core", "Modules.Tickets.Core\Modules.Tickets.Core.csproj", "{A033E120-D706-486B-8D44-B9B9CFDFE504}"
EndProject
Project("{9A19103F-16F7-4668-BE54-9A1E7A4F7556}") = "Modules.Tickets.Infrastructure", "Modules.Tickets.Infrastructure\Modules.Tickets.Infrastructure.csproj", "{7D5B605C-210D-481D-85DE-4BAAE6AB63E6}"
EndProject
Project("{9A19103F-16F7-4668-BE54-9A1E7A4F7556}") = "Modules.Tickets", "Modules.Tickets\Modules.Tickets.csproj", "{62DBC632-42A5-4214-8041-88C05419A653}"
EndProject
Project("{9A19103F-16F7-4668-BE54-9A1E7A4F7556}") = "Shared.Models", "Shared.Models\Shared.Models.csproj", "{E4C2277C-D454-4FF3-A988-414E74E13C6F}"
EndProject
Project("{2150E333-8FDC-42A3-9474-1A3956D46DE8}") = "AutoMapper", "AutoMapper", "{500F5FCB-3A1F-410D-83AD-E3CE39798E0D}"
EndProject
Project("{2150E333-8FDC-42A3-9474-1A3956D46DE8}") = "Movies", "Movies", "{0F619A51-CD98-4F51-9AEA-33F5DC205E5A}"
EndProject
Project("{2150E333-8FDC-42A3-9474-1A3956D46DE8}") = "Cienams", "Cienams", "{0C28B833-7BB5-4219-8D40-A8321DF00704}"
EndProject
Project("{2150E333-8FDC-42A3-9474-1A3956D46DE8}") = "RepositoryPattern", "RepositoryPattern", "{2626DEBC-57B5-4410-BEA3-6B33C39AAC97}"
EndProject
Project("{9A19103F-16F7-4668-BE54-9A1E7A4F7556}") = "DataAccess.EFCore", "DataAccess.EFCore\DataAccess.EFCore.csproj", "{D5E9B21B-1195-48DC-BEA0-008FA9EEB760}"
EndProject
Project("{9A19103F-16F7-4668-BE54-9A1E7A4F7556}") = "Modules.Movies", "Modules.Movies\Modules.Movies.csproj", "{1FE12728-C9AE-41C3-9EF5-7D2F5A7A8842}"
EndProject
Project("{9A19103F-16F7-4668-BE54-9A1E7A4F7556}") = "Modules.Movies.Core", "Modules.Movies.Core\Modules.Movies.Core.csproj", "{16259686-6B85-4B44-948E-F1F39F7620AB}"
EndProject
Project("{9A19103F-16F7-4668-BE54-9A1E7A4F7556}") = "Modules.Movies.Infrastructure", "Modules.Movies.Infrastructure\Modules.Movies.Infrastructure.csproj", "{BC63F7E8-C3CE-49B0-9F8A-24CF4C472EC8}"
EndProject
Project("{9A19103F-16F7-4668-BE54-9A1E7A4F7556}") = "DataAccess.MemoryCaching", "MemoryCachingRepositoryPattern\DataAccess.MemoryCaching.csproj", "{846B8C5C-7A0B-4A49-8B65-9DDB3CB46093}"
EndProject
Project("{9A19103F-16F7-4668-BE54-9A1E7A4F7556}") = "AutoMapper.Core", "AutoMapper.Core\AutoMapper.Core.csproj", "{0FF1FFAD-D83B-4DC1-BABC-5A13CC0233DA}"
	ProjectSection(ProjectDependencies) = postProject
		{DD361292-6D31-4523-A789-E99C9698BD45} = {DD361292-6D31-4523-A789-E99C9698BD45}
	EndProjectSection
EndProject
Project("{9A19103F-16F7-4668-BE54-9A1E7A4F7556}") = "AutoMapper.Profiles", "AutoMapper.Profiles\AutoMapper.Profiles.csproj", "{DD361292-6D31-4523-A789-E99C9698BD45}"
EndProject
Project("{9A19103F-16F7-4668-BE54-9A1E7A4F7556}") = "Swagger.Core", "Swagger.Core\Swagger.Core.csproj", "{D3C2B19D-A615-48A2-A412-592444F07E80}"
EndProject
Project("{9A19103F-16F7-4668-BE54-9A1E7A4F7556}") = "UnitTest.Test", "UnitTest.Test\UnitTest.Test.csproj", "{19DBC27E-851C-4695-9318-2B0619193EB2}"
EndProject
Project("{FAE04EC0-301F-11D3-BF4B-00C04F79EFBC}") = "Identity.IdentityServer4", "Identity.IdentityServer4\Identity.IdentityServer4.csproj", "{EEB6E270-37D7-4858-95A3-4E2412C2C2FA}"
EndProject
Project("{2150E333-8FDC-42A3-9474-1A3956D46DE8}") = "Configuration", "Configuration", "{01C71F6A-F015-4EA2-A0B3-8F16E775562B}"
EndProject
Global
	GlobalSection(SolutionConfigurationPlatforms) = preSolution
		Debug|Any CPU = Debug|Any CPU
		Release|Any CPU = Release|Any CPU
	EndGlobalSection
	GlobalSection(ProjectConfigurationPlatforms) = postSolution
		{D0F14904-BE0A-4849-BE81-3F34D21EFD0B}.Debug|Any CPU.ActiveCfg = Debug|Any CPU
		{D0F14904-BE0A-4849-BE81-3F34D21EFD0B}.Debug|Any CPU.Build.0 = Debug|Any CPU
		{D0F14904-BE0A-4849-BE81-3F34D21EFD0B}.Release|Any CPU.ActiveCfg = Release|Any CPU
		{D0F14904-BE0A-4849-BE81-3F34D21EFD0B}.Release|Any CPU.Build.0 = Release|Any CPU
		{46DF402D-76D0-403D-BEF4-A95F46086F95}.Debug|Any CPU.ActiveCfg = Debug|Any CPU
		{46DF402D-76D0-403D-BEF4-A95F46086F95}.Debug|Any CPU.Build.0 = Debug|Any CPU
		{46DF402D-76D0-403D-BEF4-A95F46086F95}.Release|Any CPU.ActiveCfg = Release|Any CPU
		{46DF402D-76D0-403D-BEF4-A95F46086F95}.Release|Any CPU.Build.0 = Release|Any CPU
		{256B6EEF-11E9-4C7C-8CC7-D9F5B793858F}.Debug|Any CPU.ActiveCfg = Debug|Any CPU
		{256B6EEF-11E9-4C7C-8CC7-D9F5B793858F}.Debug|Any CPU.Build.0 = Debug|Any CPU
		{256B6EEF-11E9-4C7C-8CC7-D9F5B793858F}.Release|Any CPU.ActiveCfg = Release|Any CPU
		{256B6EEF-11E9-4C7C-8CC7-D9F5B793858F}.Release|Any CPU.Build.0 = Release|Any CPU
		{79F6DB1A-E10F-4704-9DDC-9761CEA1533F}.Debug|Any CPU.ActiveCfg = Debug|Any CPU
		{79F6DB1A-E10F-4704-9DDC-9761CEA1533F}.Debug|Any CPU.Build.0 = Debug|Any CPU
		{79F6DB1A-E10F-4704-9DDC-9761CEA1533F}.Release|Any CPU.ActiveCfg = Release|Any CPU
		{79F6DB1A-E10F-4704-9DDC-9761CEA1533F}.Release|Any CPU.Build.0 = Release|Any CPU
		{A033E120-D706-486B-8D44-B9B9CFDFE504}.Debug|Any CPU.ActiveCfg = Debug|Any CPU
		{A033E120-D706-486B-8D44-B9B9CFDFE504}.Debug|Any CPU.Build.0 = Debug|Any CPU
		{A033E120-D706-486B-8D44-B9B9CFDFE504}.Release|Any CPU.ActiveCfg = Release|Any CPU
		{A033E120-D706-486B-8D44-B9B9CFDFE504}.Release|Any CPU.Build.0 = Release|Any CPU
		{7D5B605C-210D-481D-85DE-4BAAE6AB63E6}.Debug|Any CPU.ActiveCfg = Debug|Any CPU
		{7D5B605C-210D-481D-85DE-4BAAE6AB63E6}.Debug|Any CPU.Build.0 = Debug|Any CPU
		{7D5B605C-210D-481D-85DE-4BAAE6AB63E6}.Release|Any CPU.ActiveCfg = Release|Any CPU
		{7D5B605C-210D-481D-85DE-4BAAE6AB63E6}.Release|Any CPU.Build.0 = Release|Any CPU
		{62DBC632-42A5-4214-8041-88C05419A653}.Debug|Any CPU.ActiveCfg = Debug|Any CPU
		{62DBC632-42A5-4214-8041-88C05419A653}.Debug|Any CPU.Build.0 = Debug|Any CPU
		{62DBC632-42A5-4214-8041-88C05419A653}.Release|Any CPU.ActiveCfg = Release|Any CPU
		{62DBC632-42A5-4214-8041-88C05419A653}.Release|Any CPU.Build.0 = Release|Any CPU
		{E4C2277C-D454-4FF3-A988-414E74E13C6F}.Debug|Any CPU.ActiveCfg = Debug|Any CPU
		{E4C2277C-D454-4FF3-A988-414E74E13C6F}.Debug|Any CPU.Build.0 = Debug|Any CPU
		{E4C2277C-D454-4FF3-A988-414E74E13C6F}.Release|Any CPU.ActiveCfg = Release|Any CPU
		{E4C2277C-D454-4FF3-A988-414E74E13C6F}.Release|Any CPU.Build.0 = Release|Any CPU
		{D5E9B21B-1195-48DC-BEA0-008FA9EEB760}.Debug|Any CPU.ActiveCfg = Debug|Any CPU
		{D5E9B21B-1195-48DC-BEA0-008FA9EEB760}.Debug|Any CPU.Build.0 = Debug|Any CPU
		{D5E9B21B-1195-48DC-BEA0-008FA9EEB760}.Release|Any CPU.ActiveCfg = Release|Any CPU
		{D5E9B21B-1195-48DC-BEA0-008FA9EEB760}.Release|Any CPU.Build.0 = Release|Any CPU
		{1FE12728-C9AE-41C3-9EF5-7D2F5A7A8842}.Debug|Any CPU.ActiveCfg = Debug|Any CPU
		{1FE12728-C9AE-41C3-9EF5-7D2F5A7A8842}.Debug|Any CPU.Build.0 = Debug|Any CPU
		{1FE12728-C9AE-41C3-9EF5-7D2F5A7A8842}.Release|Any CPU.ActiveCfg = Release|Any CPU
		{1FE12728-C9AE-41C3-9EF5-7D2F5A7A8842}.Release|Any CPU.Build.0 = Release|Any CPU
		{16259686-6B85-4B44-948E-F1F39F7620AB}.Debug|Any CPU.ActiveCfg = Debug|Any CPU
		{16259686-6B85-4B44-948E-F1F39F7620AB}.Debug|Any CPU.Build.0 = Debug|Any CPU
		{16259686-6B85-4B44-948E-F1F39F7620AB}.Release|Any CPU.ActiveCfg = Release|Any CPU
		{16259686-6B85-4B44-948E-F1F39F7620AB}.Release|Any CPU.Build.0 = Release|Any CPU
		{BC63F7E8-C3CE-49B0-9F8A-24CF4C472EC8}.Debug|Any CPU.ActiveCfg = Debug|Any CPU
		{BC63F7E8-C3CE-49B0-9F8A-24CF4C472EC8}.Debug|Any CPU.Build.0 = Debug|Any CPU
		{BC63F7E8-C3CE-49B0-9F8A-24CF4C472EC8}.Release|Any CPU.ActiveCfg = Release|Any CPU
		{BC63F7E8-C3CE-49B0-9F8A-24CF4C472EC8}.Release|Any CPU.Build.0 = Release|Any CPU
		{846B8C5C-7A0B-4A49-8B65-9DDB3CB46093}.Debug|Any CPU.ActiveCfg = Debug|Any CPU
		{846B8C5C-7A0B-4A49-8B65-9DDB3CB46093}.Debug|Any CPU.Build.0 = Debug|Any CPU
		{846B8C5C-7A0B-4A49-8B65-9DDB3CB46093}.Release|Any CPU.ActiveCfg = Release|Any CPU
		{846B8C5C-7A0B-4A49-8B65-9DDB3CB46093}.Release|Any CPU.Build.0 = Release|Any CPU
		{0FF1FFAD-D83B-4DC1-BABC-5A13CC0233DA}.Debug|Any CPU.ActiveCfg = Debug|Any CPU
		{0FF1FFAD-D83B-4DC1-BABC-5A13CC0233DA}.Debug|Any CPU.Build.0 = Debug|Any CPU
		{0FF1FFAD-D83B-4DC1-BABC-5A13CC0233DA}.Release|Any CPU.ActiveCfg = Release|Any CPU
		{0FF1FFAD-D83B-4DC1-BABC-5A13CC0233DA}.Release|Any CPU.Build.0 = Release|Any CPU
		{DD361292-6D31-4523-A789-E99C9698BD45}.Debug|Any CPU.ActiveCfg = Debug|Any CPU
		{DD361292-6D31-4523-A789-E99C9698BD45}.Debug|Any CPU.Build.0 = Debug|Any CPU
		{DD361292-6D31-4523-A789-E99C9698BD45}.Release|Any CPU.ActiveCfg = Release|Any CPU
		{DD361292-6D31-4523-A789-E99C9698BD45}.Release|Any CPU.Build.0 = Release|Any CPU
		{D3C2B19D-A615-48A2-A412-592444F07E80}.Debug|Any CPU.ActiveCfg = Debug|Any CPU
		{D3C2B19D-A615-48A2-A412-592444F07E80}.Debug|Any CPU.Build.0 = Debug|Any CPU
		{D3C2B19D-A615-48A2-A412-592444F07E80}.Release|Any CPU.ActiveCfg = Release|Any CPU
		{D3C2B19D-A615-48A2-A412-592444F07E80}.Release|Any CPU.Build.0 = Release|Any CPU
		{19DBC27E-851C-4695-9318-2B0619193EB2}.Debug|Any CPU.ActiveCfg = Debug|Any CPU
		{19DBC27E-851C-4695-9318-2B0619193EB2}.Debug|Any CPU.Build.0 = Debug|Any CPU
		{19DBC27E-851C-4695-9318-2B0619193EB2}.Release|Any CPU.ActiveCfg = Release|Any CPU
		{19DBC27E-851C-4695-9318-2B0619193EB2}.Release|Any CPU.Build.0 = Release|Any CPU
		{EEB6E270-37D7-4858-95A3-4E2412C2C2FA}.Debug|Any CPU.ActiveCfg = Debug|Any CPU
		{EEB6E270-37D7-4858-95A3-4E2412C2C2FA}.Debug|Any CPU.Build.0 = Debug|Any CPU
		{EEB6E270-37D7-4858-95A3-4E2412C2C2FA}.Release|Any CPU.ActiveCfg = Release|Any CPU
		{EEB6E270-37D7-4858-95A3-4E2412C2C2FA}.Release|Any CPU.Build.0 = Release|Any CPU
	EndGlobalSection
	GlobalSection(SolutionProperties) = preSolution
		HideSolutionNode = FALSE
	EndGlobalSection
	GlobalSection(NestedProjects) = preSolution
		{D0F14904-BE0A-4849-BE81-3F34D21EFD0B} = {CB141E97-0B48-4805-AF54-D703567A28D4}
		{46DF402D-76D0-403D-BEF4-A95F46086F95} = {79347088-72D4-43F2-A048-9E42E6A3E8D3}
		{256B6EEF-11E9-4C7C-8CC7-D9F5B793858F} = {79347088-72D4-43F2-A048-9E42E6A3E8D3}
		{79F6DB1A-E10F-4704-9DDC-9761CEA1533F} = {79347088-72D4-43F2-A048-9E42E6A3E8D3}
		{3B7589B5-6A89-44A8-A277-0CC8C9EF8D28} = {97852330-1563-46FF-A026-6F66C6426873}
		{A033E120-D706-486B-8D44-B9B9CFDFE504} = {3B7589B5-6A89-44A8-A277-0CC8C9EF8D28}
		{7D5B605C-210D-481D-85DE-4BAAE6AB63E6} = {3B7589B5-6A89-44A8-A277-0CC8C9EF8D28}
		{62DBC632-42A5-4214-8041-88C05419A653} = {3B7589B5-6A89-44A8-A277-0CC8C9EF8D28}
		{E4C2277C-D454-4FF3-A988-414E74E13C6F} = {79347088-72D4-43F2-A048-9E42E6A3E8D3}
		{0F619A51-CD98-4F51-9AEA-33F5DC205E5A} = {97852330-1563-46FF-A026-6F66C6426873}
		{0C28B833-7BB5-4219-8D40-A8321DF00704} = {97852330-1563-46FF-A026-6F66C6426873}
		{D5E9B21B-1195-48DC-BEA0-008FA9EEB760} = {2626DEBC-57B5-4410-BEA3-6B33C39AAC97}
		{1FE12728-C9AE-41C3-9EF5-7D2F5A7A8842} = {0F619A51-CD98-4F51-9AEA-33F5DC205E5A}
		{16259686-6B85-4B44-948E-F1F39F7620AB} = {0F619A51-CD98-4F51-9AEA-33F5DC205E5A}
		{BC63F7E8-C3CE-49B0-9F8A-24CF4C472EC8} = {0F619A51-CD98-4F51-9AEA-33F5DC205E5A}
		{846B8C5C-7A0B-4A49-8B65-9DDB3CB46093} = {2626DEBC-57B5-4410-BEA3-6B33C39AAC97}
		{0FF1FFAD-D83B-4DC1-BABC-5A13CC0233DA} = {500F5FCB-3A1F-410D-83AD-E3CE39798E0D}
		{DD361292-6D31-4523-A789-E99C9698BD45} = {500F5FCB-3A1F-410D-83AD-E3CE39798E0D}
		{D3C2B19D-A615-48A2-A412-592444F07E80} = {0CA99F4E-1639-457B-A62D-AAA27940B56B}
		{19DBC27E-851C-4695-9318-2B0619193EB2} = {4A374AA1-88FC-40E5-A4CE-517608EABDDE}
		{EEB6E270-37D7-4858-95A3-4E2412C2C2FA} = {0C113893-B0B1-4F7B-83B7-848D62184409}
		{01C71F6A-F015-4EA2-A0B3-8F16E775562B} = {0F619A51-CD98-4F51-9AEA-33F5DC205E5A}
	EndGlobalSection
	GlobalSection(ExtensibilityGlobals) = postSolution
		SolutionGuid = {848EF4C1-74E1-4461-B9F2-D22D5AA61946}
	EndGlobalSection
EndGlobal
